
Microsoft Visual Studio Solution File, Format Version 12.00
# Visual Studio Version 17
VisualStudioVersion = 17.14.36401.2 d17.14
MinimumVisualStudioVersion = 10.0.40219.1
Project("{FAE04EC0-301F-11D3-BF4B-00C04F79EFBC}") = "Taller.Backend", "Taller.Backend\Taller.Backend.csproj", "{714F331F-B909-4855-8B8F-2BCCA43FDAA9}"
EndProject
Project("{FAE04EC0-301F-11D3-BF4B-00C04F79EFBC}") = "Taller.Shared", "Taller.Shared\Taller.Shared.csproj", "{4ECC493E-8EB6-47CE-AE19-906D6D4ADBBA}"
EndProject
Global
	GlobalSection(SolutionConfigurationPlatforms) = preSolution
		Debug|Any CPU = Debug|Any CPU
		Release|Any CPU = Release|Any CPU
	EndGlobalSection
	GlobalSection(ProjectConfigurationPlatforms) = postSolution
		{714F331F-B909-4855-8B8F-2BCCA43FDAA9}.Debug|Any CPU.ActiveCfg = Debug|Any CPU
		{714F331F-B909-4855-8B8F-2BCCA43FDAA9}.Debug|Any CPU.Build.0 = Debug|Any CPU
		{714F331F-B909-4855-8B8F-2BCCA43FDAA9}.Release|Any CPU.ActiveCfg = Release|Any CPU
		{714F331F-B909-4855-8B8F-2BCCA43FDAA9}.Release|Any CPU.Build.0 = Release|Any CPU
		{4ECC493E-8EB6-47CE-AE19-906D6D4ADBBA}.Debug|Any CPU.ActiveCfg = Debug|Any CPU
		{4ECC493E-8EB6-47CE-AE19-906D6D4ADBBA}.Debug|Any CPU.Build.0 = Debug|Any CPU
		{4ECC493E-8EB6-47CE-AE19-906D6D4ADBBA}.Release|Any CPU.ActiveCfg = Release|Any CPU
		{4ECC493E-8EB6-47CE-AE19-906D6D4ADBBA}.Release|Any CPU.Build.0 = Release|Any CPU
	EndGlobalSection
	GlobalSection(SolutionProperties) = preSolution
		HideSolutionNode = FALSE
	EndGlobalSection
	GlobalSection(ExtensibilityGlobals) = postSolution
		SolutionGuid = {B4A9F16A-2F4E-4337-A506-0123626027B5}
	EndGlobalSection
EndGlobal
